// !$*UTF8*$!
{
	archiveVersion = 1;
	classes = {
	};
	objectVersion = 77;
	objects = {

/* Begin PBXBuildFile section */
		15D8DF3C2EE94B2800EB975E /* Kingfisher in Frameworks */ = {isa = PBXBuildFile; productRef = 15D8DF3B2EE94B2800EB975E /* Kingfisher */; };
		15D8DF3F2EE94B4000EB975E /* Kingfisher in Frameworks */ = {isa = PBXBuildFile; productRef = 15D8DF3E2EE94B4000EB975E /* Kingfisher */; };
/* End PBXBuildFile section */

/* Begin PBXContainerItemProxy section */
		15D8DEF82EE8A30100EB975E /* PBXContainerItemProxy */ = {
			isa = PBXContainerItemProxy;
			containerPortal = 15D8DEE22EE8A2FF00EB975E /* Project object */;
			proxyType = 1;
			remoteGlobalIDString = 15D8DEE92EE8A2FF00EB975E;
			remoteInfo = MovieTakeHome;
		};
		15D8DF022EE8A30100EB975E /* PBXContainerItemProxy */ = {
			isa = PBXContainerItemProxy;
			containerPortal = 15D8DEE22EE8A2FF00EB975E /* Project object */;
			proxyType = 1;
			remoteGlobalIDString = 15D8DEE92EE8A2FF00EB975E;
			remoteInfo = MovieTakeHome;
		};
/* End PBXContainerItemProxy section */

/* Begin PBXFileReference section */
		15D8DEEA2EE8A2FF00EB975E /* MovieTakeHome.app */ = {isa = PBXFileReference; explicitFileType = wrapper.application; includeInIndex = 0; path = MovieTakeHome.app; sourceTree = BUILT_PRODUCTS_DIR; };
		15D8DEF72EE8A30100EB975E /* MovieTakeHomeTests.xctest */ = {isa = PBXFileReference; explicitFileType = wrapper.cfbundle; includeInIndex = 0; path = MovieTakeHomeTests.xctest; sourceTree = BUILT_PRODUCTS_DIR; };
		15D8DF012EE8A30100EB975E /* MovieTakeHomeUITests.xctest */ = {isa = PBXFileReference; explicitFileType = wrapper.cfbundle; includeInIndex = 0; path = MovieTakeHomeUITests.xctest; sourceTree = BUILT_PRODUCTS_DIR; };
/* End PBXFileReference section */

/* Begin PBXFileSystemSynchronizedRootGroup section */
		15D8DEEC2EE8A2FF00EB975E /* MovieTakeHome */ = {
			isa = PBXFileSystemSynchronizedRootGroup;
			path = MovieTakeHome;
			sourceTree = "<group>";
		};
		15D8DEFA2EE8A30100EB975E /* MovieTakeHomeTests */ = {
			isa = PBXFileSystemSynchronizedRootGroup;
			path = MovieTakeHomeTests;
			sourceTree = "<group>";
		};
/* End PBXFileSystemSynchronizedRootGroup section */

/* Begin PBXFrameworksBuildPhase section */
		15D8DEE72EE8A2FF00EB975E /* Frameworks */ = {
			isa = PBXFrameworksBuildPhase;
			buildActionMask = 2147483647;
			files = (
				15D8DF3C2EE94B2800EB975E /* Kingfisher in Frameworks */,
			);
			runOnlyForDeploymentPostprocessing = 0;
		};
		15D8DEF42EE8A30100EB975E /* Frameworks */ = {
			isa = PBXFrameworksBuildPhase;
			buildActionMask = 2147483647;
			files = (
				15D8DF3F2EE94B4000EB975E /* Kingfisher in Frameworks */,
			);
			runOnlyForDeploymentPostprocessing = 0;
		};
		15D8DEFE2EE8A30100EB975E /* Frameworks */ = {
			isa = PBXFrameworksBuildPhase;
			buildActionMask = 2147483647;
			files = (
			);
			runOnlyForDeploymentPostprocessing = 0;
		};
/* End PBXFrameworksBuildPhase section */

/* Begin PBXGroup section */
		15D8DEE12EE8A2FF00EB975E = {
			isa = PBXGroup;
			children = (
				15D8DEEC2EE8A2FF00EB975E /* MovieTakeHome */,
				15D8DEFA2EE8A30100EB975E /* MovieTakeHomeTests */,
				15D8DF3D2EE94B4000EB975E /* Frameworks */,
				15D8DEEB2EE8A2FF00EB975E /* Products */,
			);
			sourceTree = "<group>";
		};
		15D8DEEB2EE8A2FF00EB975E /* Products */ = {
			isa = PBXGroup;
			children = (
				15D8DEEA2EE8A2FF00EB975E /* MovieTakeHome.app */,
				15D8DEF72EE8A30100EB975E /* MovieTakeHomeTests.xctest */,
				15D8DF012EE8A30100EB975E /* MovieTakeHomeUITests.xctest */,
			);
			name = Products;
			sourceTree = "<group>";
		};
		15D8DF3D2EE94B4000EB975E /* Frameworks */ = {
			isa = PBXGroup;
			children = (
			);
			name = Frameworks;
			sourceTree = "<group>";
		};
/* End PBXGroup section */

/* Begin PBXNativeTarget section */
		15D8DEE92EE8A2FF00EB975E /* MovieTakeHome */ = {
			isa = PBXNativeTarget;
			buildConfigurationList = 15D8DF0B2EE8A30100EB975E /* Build configuration list for PBXNativeTarget "MovieTakeHome" */;
			buildPhases = (
				15D8DEE62EE8A2FF00EB975E /* Sources */,
				15D8DEE72EE8A2FF00EB975E /* Frameworks */,
				15D8DEE82EE8A2FF00EB975E /* Resources */,
			);
			buildRules = (
			);
			dependencies = (
			);
			fileSystemSynchronizedGroups = (
				15D8DEEC2EE8A2FF00EB975E /* MovieTakeHome */,
			);
			name = MovieTakeHome;
			packageProductDependencies = (
				15D8DF3B2EE94B2800EB975E /* Kingfisher */,
			);
			productName = MovieTakeHome;
			productReference = 15D8DEEA2EE8A2FF00EB975E /* MovieTakeHome.app */;
			productType = "com.apple.product-type.application";
		};
		15D8DEF62EE8A30100EB975E /* MovieTakeHomeTests */ = {
			isa = PBXNativeTarget;
			buildConfigurationList = 15D8DF0E2EE8A30100EB975E /* Build configuration list for PBXNativeTarget "MovieTakeHomeTests" */;
			buildPhases = (
				15D8DEF32EE8A30100EB975E /* Sources */,
				15D8DEF42EE8A30100EB975E /* Frameworks */,
				15D8DEF52EE8A30100EB975E /* Resources */,
			);
			buildRules = (
			);
			dependencies = (
				15D8DEF92EE8A30100EB975E /* PBXTargetDependency */,
			);
			fileSystemSynchronizedGroups = (
				15D8DEFA2EE8A30100EB975E /* MovieTakeHomeTests */,
			);
			name = MovieTakeHomeTests;
			packageProductDependencies = (
				15D8DF3E2EE94B4000EB975E /* Kingfisher */,
			);
			productName = MovieTakeHomeTests;
			productReference = 15D8DEF72EE8A30100EB975E /* MovieTakeHomeTests.xctest */;
			productType = "com.apple.product-type.bundle.unit-test";
		};
		15D8DF002EE8A30100EB975E /* MovieTakeHomeUITests */ = {
			isa = PBXNativeTarget;
			buildConfigurationList = 15D8DF112EE8A30100EB975E /* Build configuration list for PBXNativeTarget "MovieTakeHomeUITests" */;
			buildPhases = (
				15D8DEFD2EE8A30100EB975E /* Sources */,
				15D8DEFE2EE8A30100EB975E /* Frameworks */,
				15D8DEFF2EE8A30100EB975E /* Resources */,
			);
			buildRules = (
			);
			dependencies = (
				15D8DF032EE8A30100EB975E /* PBXTargetDependency */,
			);
			name = MovieTakeHomeUITests;
			packageProductDependencies = (
			);
			productName = MovieTakeHomeUITests;
			productReference = 15D8DF012EE8A30100EB975E /* MovieTakeHomeUITests.xctest */;
			productType = "com.apple.product-type.bundle.ui-testing";
		};
/* End PBXNativeTarget section */

/* Begin PBXProject section */
		15D8DEE22EE8A2FF00EB975E /* Project object */ = {
			isa = PBXProject;
			attributes = {
				BuildIndependentTargetsInParallel = 1;
				LastSwiftUpdateCheck = 1640;
				LastUpgradeCheck = 1640;
				TargetAttributes = {
					15D8DEE92EE8A2FF00EB975E = {
						CreatedOnToolsVersion = 16.4;
					};
					15D8DEF62EE8A30100EB975E = {
						CreatedOnToolsVersion = 16.4;
						TestTargetID = 15D8DEE92EE8A2FF00EB975E;
					};
					15D8DF002EE8A30100EB975E = {
						CreatedOnToolsVersion = 16.4;
						TestTargetID = 15D8DEE92EE8A2FF00EB975E;
					};
				};
			};
			buildConfigurationList = 15D8DEE52EE8A2FF00EB975E /* Build configuration list for PBXProject "MovieTakeHome" */;
			developmentRegion = en;
			hasScannedForEncodings = 0;
			knownRegions = (
				en,
				Base,
			);
			mainGroup = 15D8DEE12EE8A2FF00EB975E;
			minimizedProjectReferenceProxies = 1;
			packageReferences = (
				15D8DF3A2EE94B2800EB975E /* XCRemoteSwiftPackageReference "Kingfisher" */,
			);
			preferredProjectObjectVersion = 77;
			productRefGroup = 15D8DEEB2EE8A2FF00EB975E /* Products */;
			projectDirPath = "";
			projectRoot = "";
			targets = (
				15D8DEE92EE8A2FF00EB975E /* MovieTakeHome */,
				15D8DEF62EE8A30100EB975E /* MovieTakeHomeTests */,
				15D8DF002EE8A30100EB975E /* MovieTakeHomeUITests */,
			);
		};
/* End PBXProject section */

/* Begin PBXResourcesBuildPhase section */
		15D8DEE82EE8A2FF00EB975E /* Resources */ = {
			isa = PBXResourcesBuildPhase;
			buildActionMask = 2147483647;
			files = (
			);
			runOnlyForDeploymentPostprocessing = 0;
		};
		15D8DEF52EE8A30100EB975E /* Resources */ = {
			isa = PBXResourcesBuildPhase;
			buildActionMask = 2147483647;
			files = (
			);
			runOnlyForDeploymentPostprocessing = 0;
		};
		15D8DEFF2EE8A30100EB975E /* Resources */ = {
			isa = PBXResourcesBuildPhase;
			buildActionMask = 2147483647;
			files = (
			);
			runOnlyForDeploymentPostprocessing = 0;
		};
/* End PBXResourcesBuildPhase section */

/* Begin PBXSourcesBuildPhase section */
		15D8DEE62EE8A2FF00EB975E /* Sources */ = {
			isa = PBXSourcesBuildPhase;
			buildActionMask = 2147483647;
			files = (
			);
			runOnlyForDeploymentPostprocessing = 0;
		};
		15D8DEF32EE8A30100EB975E /* Sources */ = {
			isa = PBXSourcesBuildPhase;
			buildActionMask = 2147483647;
			files = (
			);
			runOnlyForDeploymentPostprocessing = 0;
		};
		15D8DEFD2EE8A30100EB975E /* Sources */ = {
			isa = PBXSourcesBuildPhase;
			buildActionMask = 2147483647;
			files = (
			);
			runOnlyForDeploymentPostprocessing = 0;
		};
/* End PBXSourcesBuildPhase section */

/* Begin PBXTargetDependency section */
		15D8DEF92EE8A30100EB975E /* PBXTargetDependency */ = {
			isa = PBXTargetDependency;
			target = 15D8DEE92EE8A2FF00EB975E /* MovieTakeHome */;
			targetProxy = 15D8DEF82EE8A30100EB975E /* PBXContainerItemProxy */;
		};
		15D8DF032EE8A30100EB975E /* PBXTargetDependency */ = {
			isa = PBXTargetDependency;
			target = 15D8DEE92EE8A2FF00EB975E /* MovieTakeHome */;
			targetProxy = 15D8DF022EE8A30100EB975E /* PBXContainerItemProxy */;
		};
/* End PBXTargetDependency section */

/* Begin XCBuildConfiguration section */
		15D8DF092EE8A30100EB975E /* Debug */ = {
			isa = XCBuildConfiguration;
			buildSettings = {
				ALWAYS_SEARCH_USER_PATHS = NO;
				ASSETCATALOG_COMPILER_GENERATE_SWIFT_ASSET_SYMBOL_EXTENSIONS = YES;
				CLANG_ANALYZER_NONNULL = YES;
				CLANG_ANALYZER_NUMBER_OBJECT_CONVERSION = YES_AGGRESSIVE;
				CLANG_CXX_LANGUAGE_STANDARD = "gnu++20";
				CLANG_ENABLE_MODULES = YES;
				CLANG_ENABLE_OBJC_ARC = YES;
				CLANG_ENABLE_OBJC_WEAK = YES;
				CLANG_WARN_BLOCK_CAPTURE_AUTORELEASING = YES;
				CLANG_WARN_BOOL_CONVERSION = YES;
				CLANG_WARN_COMMA = YES;
				CLANG_WARN_CONSTANT_CONVERSION = YES;
				CLANG_WARN_DEPRECATED_OBJC_IMPLEMENTATIONS = YES;
				CLANG_WARN_DIRECT_OBJC_ISA_USAGE = YES_ERROR;
				CLANG_WARN_DOCUMENTATION_COMMENTS = YES;
				CLANG_WARN_EMPTY_BODY = YES;
				CLANG_WARN_ENUM_CONVERSION = YES;
				CLANG_WARN_INFINITE_RECURSION = YES;
				CLANG_WARN_INT_CONVERSION = YES;
				CLANG_WARN_NON_LITERAL_NULL_CONVERSION = YES;
				CLANG_WARN_OBJC_IMPLICIT_RETAIN_SELF = YES;
				CLANG_WARN_OBJC_LITERAL_CONVERSION = YES;
				CLANG_WARN_OBJC_ROOT_CLASS = YES_ERROR;
				CLANG_WARN_QUOTED_INCLUDE_IN_FRAMEWORK_HEADER = YES;
				CLANG_WARN_RANGE_LOOP_ANALYSIS = YES;
				CLANG_WARN_STRICT_PROTOTYPES = YES;
				CLANG_WARN_SUSPICIOUS_MOVE = YES;
				CLANG_WARN_UNGUARDED_AVAILABILITY = YES_AGGRESSIVE;
				CLANG_WARN_UNREACHABLE_CODE = YES;
				CLANG_WARN__DUPLICATE_METHOD_MATCH = YES;
				COPY_PHASE_STRIP = NO;
				DEBUG_INFORMATION_FORMAT = dwarf;
				DEVELOPMENT_TEAM = L8NQ256MFY;
				ENABLE_STRICT_OBJC_MSGSEND = YES;
				ENABLE_TESTABILITY = YES;
				ENABLE_USER_SCRIPT_SANDBOXING = YES;
				GCC_C_LANGUAGE_STANDARD = gnu17;
				GCC_DYNAMIC_NO_PIC = NO;
				GCC_NO_COMMON_BLOCKS = YES;
				GCC_OPTIMIZATION_LEVEL = 0;
				GCC_PREPROCESSOR_DEFINITIONS = (
					"DEBUG=1",
					"$(inherited)",
				);
				GCC_WARN_64_TO_32_BIT_CONVERSION = YES;
				GCC_WARN_ABOUT_RETURN_TYPE = YES_ERROR;
				GCC_WARN_UNDECLARED_SELECTOR = YES;
				GCC_WARN_UNINITIALIZED_AUTOS = YES_AGGRESSIVE;
				GCC_WARN_UNUSED_FUNCTION = YES;
				GCC_WARN_UNUSED_VARIABLE = YES;
				IPHONEOS_DEPLOYMENT_TARGET = 18.5;
				LOCALIZATION_PREFERS_STRING_CATALOGS = YES;
				MTL_ENABLE_DEBUG_INFO = INCLUDE_SOURCE;
				MTL_FAST_MATH = YES;
				ONLY_ACTIVE_ARCH = YES;
				SDKROOT = iphoneos;
				SWIFT_ACTIVE_COMPILATION_CONDITIONS = "DEBUG $(inherited)";
				SWIFT_OPTIMIZATION_LEVEL = "-Onone";
			};
			name = Debug;
		};
		15D8DF0A2EE8A30100EB975E /* Release */ = {
			isa = XCBuildConfiguration;
			buildSettings = {
				ALWAYS_SEARCH_USER_PATHS = NO;
				ASSETCATALOG_COMPILER_GENERATE_SWIFT_ASSET_SYMBOL_EXTENSIONS = YES;
				CLANG_ANALYZER_NONNULL = YES;
				CLANG_ANALYZER_NUMBER_OBJECT_CONVERSION = YES_AGGRESSIVE;
				CLANG_CXX_LANGUAGE_STANDARD = "gnu++20";
				CLANG_ENABLE_MODULES = YES;
				CLANG_ENABLE_OBJC_ARC = YES;
				CLANG_ENABLE_OBJC_WEAK = YES;
				CLANG_WARN_BLOCK_CAPTURE_AUTORELEASING = YES;
				CLANG_WARN_BOOL_CONVERSION = YES;
				CLANG_WARN_COMMA = YES;
				CLANG_WARN_CONSTANT_CONVERSION = YES;
				CLANG_WARN_DEPRECATED_OBJC_IMPLEMENTATIONS = YES;
				CLANG_WARN_DIRECT_OBJC_ISA_USAGE = YES_ERROR;
				CLANG_WARN_DOCUMENTATION_COMMENTS = YES;
				CLANG_WARN_EMPTY_BODY = YES;
				CLANG_WARN_ENUM_CONVERSION = YES;
				CLANG_WARN_INFINITE_RECURSION = YES;
				CLANG_WARN_INT_CONVERSION = YES;
				CLANG_WARN_NON_LITERAL_NULL_CONVERSION = YES;
				CLANG_WARN_OBJC_IMPLICIT_RETAIN_SELF = YES;
				CLANG_WARN_OBJC_LITERAL_CONVERSION = YES;
				CLANG_WARN_OBJC_ROOT_CLASS = YES_ERROR;
				CLANG_WARN_QUOTED_INCLUDE_IN_FRAMEWORK_HEADER = YES;
				CLANG_WARN_RANGE_LOOP_ANALYSIS = YES;
				CLANG_WARN_STRICT_PROTOTYPES = YES;
				CLANG_WARN_SUSPICIOUS_MOVE = YES;
				CLANG_WARN_UNGUARDED_AVAILABILITY = YES_AGGRESSIVE;
				CLANG_WARN_UNREACHABLE_CODE = YES;
				CLANG_WARN__DUPLICATE_METHOD_MATCH = YES;
				COPY_PHASE_STRIP = NO;
				DEBUG_INFORMATION_FORMAT = "dwarf-with-dsym";
				DEVELOPMENT_TEAM = L8NQ256MFY;
				ENABLE_NS_ASSERTIONS = NO;
				ENABLE_STRICT_OBJC_MSGSEND = YES;
				ENABLE_USER_SCRIPT_SANDBOXING = YES;
				GCC_C_LANGUAGE_STANDARD = gnu17;
				GCC_NO_COMMON_BLOCKS = YES;
				GCC_WARN_64_TO_32_BIT_CONVERSION = YES;
				GCC_WARN_ABOUT_RETURN_TYPE = YES_ERROR;
				GCC_WARN_UNDECLARED_SELECTOR = YES;
				GCC_WARN_UNINITIALIZED_AUTOS = YES_AGGRESSIVE;
				GCC_WARN_UNUSED_FUNCTION = YES;
				GCC_WARN_UNUSED_VARIABLE = YES;
				IPHONEOS_DEPLOYMENT_TARGET = 18.5;
				LOCALIZATION_PREFERS_STRING_CATALOGS = YES;
				MTL_ENABLE_DEBUG_INFO = NO;
				MTL_FAST_MATH = YES;
				SDKROOT = iphoneos;
				SWIFT_COMPILATION_MODE = wholemodule;
				VALIDATE_PRODUCT = YES;
			};
			name = Release;
		};
		15D8DF0C2EE8A30100EB975E /* Debug */ = {
			isa = XCBuildConfiguration;
			buildSettings = {
				ASSETCATALOG_COMPILER_APPICON_NAME = AppIcon;
				ASSETCATALOG_COMPILER_GLOBAL_ACCENT_COLOR_NAME = AccentColor;
				CODE_SIGN_STYLE = Automatic;
				CURRENT_PROJECT_VERSION = 1;
				DEVELOPMENT_TEAM = L8NQ256MFY;
				ENABLE_PREVIEWS = YES;
				GENERATE_INFOPLIST_FILE = YES;
				INFOPLIST_KEY_UIApplicationSceneManifest_Generation = YES;
				INFOPLIST_KEY_UIApplicationSupportsIndirectInputEvents = YES;
				INFOPLIST_KEY_UILaunchScreen_Generation = YES;
				INFOPLIST_KEY_UISupportedInterfaceOrientations = "UIInterfaceOrientationPortrait UIInterfaceOrientationPortraitUpsideDown";
				IPHONEOS_DEPLOYMENT_TARGET = 17.6;
				LD_RUNPATH_SEARCH_PATHS = (
					"$(inherited)",
					"@executable_path/Frameworks",
				);
				MARKETING_VERSION = 1.0;
				PRODUCT_BUNDLE_IDENTIFIER = marianna.MovieTakeHome;
				PRODUCT_NAME = "$(TARGET_NAME)";
				SWIFT_EMIT_LOC_STRINGS = YES;
				SWIFT_VERSION = 5.0;
				TARGETED_DEVICE_FAMILY = "1,2";
			};
			name = Debug;
		};
		15D8DF0D2EE8A30100EB975E /* Release */ = {
			isa = XCBuildConfiguration;
			buildSettings = {
				ASSETCATALOG_COMPILER_APPICON_NAME = AppIcon;
				ASSETCATALOG_COMPILER_GLOBAL_ACCENT_COLOR_NAME = AccentColor;
				CODE_SIGN_STYLE = Automatic;
				CURRENT_PROJECT_VERSION = 1;
				DEVELOPMENT_TEAM = L8NQ256MFY;
				ENABLE_PREVIEWS = YES;
				GENERATE_INFOPLIST_FILE = YES;
				INFOPLIST_KEY_UIApplicationSceneManifest_Generation = YES;
				INFOPLIST_KEY_UIApplicationSupportsIndirectInputEvents = YES;
				INFOPLIST_KEY_UILaunchScreen_Generation = YES;
				INFOPLIST_KEY_UISupportedInterfaceOrientations = "UIInterfaceOrientationPortrait UIInterfaceOrientationPortraitUpsideDown";
				IPHONEOS_DEPLOYMENT_TARGET = 17.6;
				LD_RUNPATH_SEARCH_PATHS = (
					"$(inherited)",
					"@executable_path/Frameworks",
				);
				MARKETING_VERSION = 1.0;
				PRODUCT_BUNDLE_IDENTIFIER = marianna.MovieTakeHome;
				PRODUCT_NAME = "$(TARGET_NAME)";
				SWIFT_EMIT_LOC_STRINGS = YES;
				SWIFT_VERSION = 5.0;
				TARGETED_DEVICE_FAMILY = "1,2";
			};
			name = Release;
		};
		15D8DF0F2EE8A30100EB975E /* Debug */ = {
			isa = XCBuildConfiguration;
			buildSettings = {
				BUNDLE_LOADER = "$(TEST_HOST)";
				CODE_SIGN_STYLE = Automatic;
				CURRENT_PROJECT_VERSION = 1;
				DEVELOPMENT_TEAM = L8NQ256MFY;
				GENERATE_INFOPLIST_FILE = YES;
				IPHONEOS_DEPLOYMENT_TARGET = 18.5;
				MARKETING_VERSION = 1.0;
				PRODUCT_BUNDLE_IDENTIFIER = marianna.MovieTakeHomeTests;
				PRODUCT_NAME = "$(TARGET_NAME)";
				SWIFT_EMIT_LOC_STRINGS = NO;
				SWIFT_VERSION = 5.0;
				TARGETED_DEVICE_FAMILY = "1,2";
				TEST_HOST = "$(BUILT_PRODUCTS_DIR)/MovieTakeHome.app/$(BUNDLE_EXECUTABLE_FOLDER_PATH)/MovieTakeHome";
			};
			name = Debug;
		};
		15D8DF102EE8A30100EB975E /* Release */ = {
			isa = XCBuildConfiguration;
			buildSettings = {
				BUNDLE_LOADER = "$(TEST_HOST)";
				CODE_SIGN_STYLE = Automatic;
				CURRENT_PROJECT_VERSION = 1;
				DEVELOPMENT_TEAM = L8NQ256MFY;
				GENERATE_INFOPLIST_FILE = YES;
				IPHONEOS_DEPLOYMENT_TARGET = 18.5;
				MARKETING_VERSION = 1.0;
				PRODUCT_BUNDLE_IDENTIFIER = marianna.MovieTakeHomeTests;
				PRODUCT_NAME = "$(TARGET_NAME)";
				SWIFT_EMIT_LOC_STRINGS = NO;
				SWIFT_VERSION = 5.0;
				TARGETED_DEVICE_FAMILY = "1,2";
				TEST_HOST = "$(BUILT_PRODUCTS_DIR)/MovieTakeHome.app/$(BUNDLE_EXECUTABLE_FOLDER_PATH)/MovieTakeHome";
			};
			name = Release;
		};
		15D8DF122EE8A30100EB975E /* Debug */ = {
			isa = XCBuildConfiguration;
			buildSettings = {
				CODE_SIGN_STYLE = Automatic;
				CURRENT_PROJECT_VERSION = 1;
				DEVELOPMENT_TEAM = L8NQ256MFY;
				GENERATE_INFOPLIST_FILE = YES;
				MARKETING_VERSION = 1.0;
				PRODUCT_BUNDLE_IDENTIFIER = marianna.MovieTakeHomeUITests;
				PRODUCT_NAME = "$(TARGET_NAME)";
				SWIFT_EMIT_LOC_STRINGS = NO;
				SWIFT_VERSION = 5.0;
				TARGETED_DEVICE_FAMILY = "1,2";
				TEST_TARGET_NAME = MovieTakeHome;
			};
			name = Debug;
		};
		15D8DF132EE8A30100EB975E /* Release */ = {
			isa = XCBuildConfiguration;
			buildSettings = {
				CODE_SIGN_STYLE = Automatic;
				CURRENT_PROJECT_VERSION = 1;
				DEVELOPMENT_TEAM = L8NQ256MFY;
				GENERATE_INFOPLIST_FILE = YES;
				MARKETING_VERSION = 1.0;
				PRODUCT_BUNDLE_IDENTIFIER = marianna.MovieTakeHomeUITests;
				PRODUCT_NAME = "$(TARGET_NAME)";
				SWIFT_EMIT_LOC_STRINGS = NO;
				SWIFT_VERSION = 5.0;
				TARGETED_DEVICE_FAMILY = "1,2";
				TEST_TARGET_NAME = MovieTakeHome;
			};
			name = Release;
		};
/* End XCBuildConfiguration section */

/* Begin XCConfigurationList section */
		15D8DEE52EE8A2FF00EB975E /* Build configuration list for PBXProject "MovieTakeHome" */ = {
			isa = XCConfigurationList;
			buildConfigurations = (
				15D8DF092EE8A30100EB975E /* Debug */,
				15D8DF0A2EE8A30100EB975E /* Release */,
			);
			defaultConfigurationIsVisible = 0;
			defaultConfigurationName = Release;
		};
		15D8DF0B2EE8A30100EB975E /* Build configuration list for PBXNativeTarget "MovieTakeHome" */ = {
			isa = XCConfigurationList;
			buildConfigurations = (
				15D8DF0C2EE8A30100EB975E /* Debug */,
				15D8DF0D2EE8A30100EB975E /* Release */,
			);
			defaultConfigurationIsVisible = 0;
			defaultConfigurationName = Release;
		};
		15D8DF0E2EE8A30100EB975E /* Build configuration list for PBXNativeTarget "MovieTakeHomeTests" */ = {
			isa = XCConfigurationList;
			buildConfigurations = (
				15D8DF0F2EE8A30100EB975E /* Debug */,
				15D8DF102EE8A30100EB975E /* Release */,
			);
			defaultConfigurationIsVisible = 0;
			defaultConfigurationName = Release;
		};
		15D8DF112EE8A30100EB975E /* Build configuration list for PBXNativeTarget "MovieTakeHomeUITests" */ = {
			isa = XCConfigurationList;
			buildConfigurations = (
				15D8DF122EE8A30100EB975E /* Debug */,
				15D8DF132EE8A30100EB975E /* Release */,
			);
			defaultConfigurationIsVisible = 0;
			defaultConfigurationName = Release;
		};
/* End XCConfigurationList section */

/* Begin XCRemoteSwiftPackageReference section */
		15D8DF3A2EE94B2800EB975E /* XCRemoteSwiftPackageReference "Kingfisher" */ = {
			isa = XCRemoteSwiftPackageReference;
			repositoryURL = "https://github.com/onevcat/Kingfisher.git";
			requirement = {
				kind = upToNextMajorVersion;
				minimumVersion = 8.6.2;
			};
		};
/* End XCRemoteSwiftPackageReference section */

/* Begin XCSwiftPackageProductDependency section */
		15D8DF3B2EE94B2800EB975E /* Kingfisher */ = {
			isa = XCSwiftPackageProductDependency;
			package = 15D8DF3A2EE94B2800EB975E /* XCRemoteSwiftPackageReference "Kingfisher" */;
			productName = Kingfisher;
		};
		15D8DF3E2EE94B4000EB975E /* Kingfisher */ = {
			isa = XCSwiftPackageProductDependency;
			package = 15D8DF3A2EE94B2800EB975E /* XCRemoteSwiftPackageReference "Kingfisher" */;
			productName = Kingfisher;
		};
/* End XCSwiftPackageProductDependency section */
	};
	rootObject = 15D8DEE22EE8A2FF00EB975E /* Project object */;
}
